
Microsoft Visual Studio Solution File, Format Version 12.00
# Visual Studio Version 17
VisualStudioVersion = 17.11.35208.52
MinimumVisualStudioVersion = 10.0.40219.1
Project("{9A19103F-16F7-4668-BE54-9A1E7A4F7556}") = "MovieAPI", "..\MovieAPI\MovieAPI\MovieAPI.csproj", "{50EF9A91-DCA8-4211-8672-C7ABED60B8AA}"
EndProject
Project("{9A19103F-16F7-4668-BE54-9A1E7A4F7556}") = "MvcMovie", "..\MvcMovie\MvcMovie\MvcMovie.csproj", "{8994BB27-7593-4B42-8099-E6B602EEE7D9}"
EndProject
Global
	GlobalSection(SolutionConfigurationPlatforms) = preSolution
		Debug|Any CPU = Debug|Any CPU
		Release|Any CPU = Release|Any CPU
	EndGlobalSection
	GlobalSection(ProjectConfigurationPlatforms) = postSolution
		{50EF9A91-DCA8-4211-8672-C7ABED60B8AA}.Debug|Any CPU.ActiveCfg = Debug|Any CPU
		{50EF9A91-DCA8-4211-8672-C7ABED60B8AA}.Debug|Any CPU.Build.0 = Debug|Any CPU
		{50EF9A91-DCA8-4211-8672-C7ABED60B8AA}.Release|Any CPU.ActiveCfg = Release|Any CPU
		{50EF9A91-DCA8-4211-8672-C7ABED60B8AA}.Release|Any CPU.Build.0 = Release|Any CPU
		{8994BB27-7593-4B42-8099-E6B602EEE7D9}.Debug|Any CPU.ActiveCfg = Debug|Any CPU
		{8994BB27-7593-4B42-8099-E6B602EEE7D9}.Debug|Any CPU.Build.0 = Debug|Any CPU
		{8994BB27-7593-4B42-8099-E6B602EEE7D9}.Release|Any CPU.ActiveCfg = Release|Any CPU
		{8994BB27-7593-4B42-8099-E6B602EEE7D9}.Release|Any CPU.Build.0 = Release|Any CPU
	EndGlobalSection
	GlobalSection(SolutionProperties) = preSolution
		HideSolutionNode = FALSE
	EndGlobalSection
	GlobalSection(ExtensibilityGlobals) = postSolution
		SolutionGuid = {A00623E9-920D-49EE-B92B-272CE9F8B724}
	EndGlobalSection
EndGlobal
